
Microsoft Visual Studio Solution File, Format Version 12.00
# Visual Studio 15
Project("{FAE04EC0-301F-11D3-BF4B-00C04F79EFBC}") = "BlackJack", "BlackJack\BlackJack.csproj", "{D61AA177-C6EA-41BD-9A4D-B35B7015EF5A}"
EndProject
Global
	GlobalSection(SolutionConfigurationPlatforms) = preSolution
		Debug|anycpu = Debug|anycpu
		Release|anycpu = Release|anycpu
	EndGlobalSection
	GlobalSection(ProjectConfigurationPlatforms) = postSolution
		{D61AA177-C6EA-41BD-9A4D-B35B7015EF5A}.Debug|anycpu.ActiveCfg = Debug|anycpu
		{D61AA177-C6EA-41BD-9A4D-B35B7015EF5A}.Debug|anycpu.Build.0 = Debug|anycpu
		{D61AA177-C6EA-41BD-9A4D-B35B7015EF5A}.Release|anycpu.ActiveCfg = Release|anycpu
		{D61AA177-C6EA-41BD-9A4D-B35B7015EF5A}.Release|anycpu.Build.0 = Release|anycpu
	EndGlobalSection
EndGlobal
